<?xml version="1.0" encoding="UTF-8"?>
<CodeBlocks_project_file>
	<FileVersion major="1" minor="6"/>
	<Project>
		<Option title="HPC_Project"/>
		<Option makefile_is_custom="1"/>
		<Option compiler="gcc"/>
		<Option virtualFolders="CMake Files\;CMake Files\..\;CMake Files\..\..\;CMake Files\..\..\..\;CMake Files\..\..\..\..\;CMake Files\..\..\..\..\opt\;CMake Files\..\..\..\..\opt\homebrew\;CMake Files\..\..\..\..\opt\homebrew\lib\;CMake Files\..\..\..\..\opt\homebrew\lib\cmake\;CMake Files\..\..\..\..\opt\homebrew\lib\cmake\opencv4\;"/>
		<Build>
			<Target title="all">
				<Option working_dir="/Users/daver/Desktop/HPC-Project"/>
				<Option type="4"/>
				<MakeCommands>
					<Build command="/usr/bin/make -j10 -f &quot;/Users/daver/Desktop/HPC-Project/Makefile&quot;  VERBOSE=1 all"/>
					<CompileFile command="/usr/bin/make -j10 -f &quot;/Users/daver/Desktop/HPC-Project/Makefile&quot;  VERBOSE=1 &quot;$file&quot;"/>
					<Clean command="/usr/bin/make -j10 -f &quot;/Users/daver/Desktop/HPC-Project/Makefile&quot;  VERBOSE=1 clean"/>
					<DistClean command="/usr/bin/make -j10 -f &quot;/Users/daver/Desktop/HPC-Project/Makefile&quot;  VERBOSE=1 clean"/>
				</MakeCommands>
			</Target>
			<Target title="HPC_Project">
				<Option output="/Users/daver/Desktop/HPC-Project/HPC_Project" prefix_auto="0" extension_auto="0"/>
				<Option working_dir="/Users/daver/Desktop/HPC-Project"/>
				<Option object_output="./"/>
				<Option type="1"/>
				<Option compiler="gcc"/>
				<Compiler>
					<Add directory="/opt/homebrew/Cellar/opencv/4.9.0_5/include/opencv4"/>
					<Add directory="/opt/homebrew/Cellar/open-mpi/5.0.2/include"/>
					<Add directory="/Library/Developer/CommandLineTools/usr/lib/clang/15.0.0/include"/>
					<Add directory="/Library/Developer/CommandLineTools/usr/include"/>
					<Add directory="/System/Library/Frameworks"/>
					<Add directory="/Library/Frameworks"/>
				</Compiler>
				<MakeCommands>
					<Build command="/usr/bin/make -j10 -f &quot;/Users/daver/Desktop/HPC-Project/Makefile&quot;  VERBOSE=1 HPC_Project"/>
					<CompileFile command="/usr/bin/make -j10 -f &quot;/Users/daver/Desktop/HPC-Project/Makefile&quot;  VERBOSE=1 &quot;$file&quot;"/>
					<Clean command="/usr/bin/make -j10 -f &quot;/Users/daver/Desktop/HPC-Project/Makefile&quot;  VERBOSE=1 clean"/>
					<DistClean command="/usr/bin/make -j10 -f &quot;/Users/daver/Desktop/HPC-Project/Makefile&quot;  VERBOSE=1 clean"/>
				</MakeCommands>
			</Target>
			<Target title="HPC_Project/fast">
				<Option output="/Users/daver/Desktop/HPC-Project/HPC_Project" prefix_auto="0" extension_auto="0"/>
				<Option working_dir="/Users/daver/Desktop/HPC-Project"/>
				<Option object_output="./"/>
				<Option type="1"/>
				<Option compiler="gcc"/>
				<Compiler>
					<Add directory="/opt/homebrew/Cellar/opencv/4.9.0_5/include/opencv4"/>
					<Add directory="/opt/homebrew/Cellar/open-mpi/5.0.2/include"/>
					<Add directory="/Library/Developer/CommandLineTools/usr/lib/clang/15.0.0/include"/>
					<Add directory="/Library/Developer/CommandLineTools/usr/include"/>
					<Add directory="/System/Library/Frameworks"/>
					<Add directory="/Library/Frameworks"/>
				</Compiler>
				<MakeCommands>
					<Build command="/usr/bin/make -j10 -f &quot;/Users/daver/Desktop/HPC-Project/Makefile&quot;  VERBOSE=1 HPC_Project/fast"/>
					<CompileFile command="/usr/bin/make -j10 -f &quot;/Users/daver/Desktop/HPC-Project/Makefile&quot;  VERBOSE=1 &quot;$file&quot;"/>
					<Clean command="/usr/bin/make -j10 -f &quot;/Users/daver/Desktop/HPC-Project/Makefile&quot;  VERBOSE=1 clean"/>
					<DistClean command="/usr/bin/make -j10 -f &quot;/Users/daver/Desktop/HPC-Project/Makefile&quot;  VERBOSE=1 clean"/>
				</MakeCommands>
			</Target>
			<Target title="edit_cache">
				<Option working_dir="/Users/daver/Desktop/HPC-Project"/>
				<Option type="4"/>
				<MakeCommands>
					<Build command="/usr/bin/make -j10 -f &quot;/Users/daver/Desktop/HPC-Project/Makefile&quot;  VERBOSE=1 edit_cache"/>
					<CompileFile command="/usr/bin/make -j10 -f &quot;/Users/daver/Desktop/HPC-Project/Makefile&quot;  VERBOSE=1 &quot;$file&quot;"/>
					<Clean command="/usr/bin/make -j10 -f &quot;/Users/daver/Desktop/HPC-Project/Makefile&quot;  VERBOSE=1 clean"/>
					<DistClean command="/usr/bin/make -j10 -f &quot;/Users/daver/Desktop/HPC-Project/Makefile&quot;  VERBOSE=1 clean"/>
				</MakeCommands>
			</Target>
			<Target title="rebuild_cache">
				<Option working_dir="/Users/daver/Desktop/HPC-Project"/>
				<Option type="4"/>
				<MakeCommands>
					<Build command="/usr/bin/make -j10 -f &quot;/Users/daver/Desktop/HPC-Project/Makefile&quot;  VERBOSE=1 rebuild_cache"/>
					<CompileFile command="/usr/bin/make -j10 -f &quot;/Users/daver/Desktop/HPC-Project/Makefile&quot;  VERBOSE=1 &quot;$file&quot;"/>
					<Clean command="/usr/bin/make -j10 -f &quot;/Users/daver/Desktop/HPC-Project/Makefile&quot;  VERBOSE=1 clean"/>
					<DistClean command="/usr/bin/make -j10 -f &quot;/Users/daver/Desktop/HPC-Project/Makefile&quot;  VERBOSE=1 clean"/>
				</MakeCommands>
			</Target>
		</Build>
		<Unit filename="/Users/daver/Desktop/HPC-Project/main.cpp">
			<Option target="HPC_Project"/>
		</Unit>
		<Unit filename="/Users/daver/Desktop/HPC-Project/trial.cpp">
			<Option target="HPC_Project"/>
		</Unit>
		<Unit filename="/Users/daver/Desktop/HPC-Project/trial.h">
			<Option target="HPC_Project"/>
		</Unit>
		<Unit filename="/Users/daver/Desktop/HPC-Project/utils/display_functions.cpp">
			<Option target="HPC_Project"/>
		</Unit>
		<Unit filename="/Users/daver/Desktop/HPC-Project/utils/display_functions.h">
			<Option target="HPC_Project"/>
		</Unit>
		<Unit filename="/Users/daver/Desktop/HPC-Project/utils/filter_functions.cpp">
			<Option target="HPC_Project"/>
		</Unit>
		<Unit filename="/Users/daver/Desktop/HPC-Project/utils/filter_functions.h">
			<Option target="HPC_Project"/>
		</Unit>
		<Unit filename="/Users/daver/Desktop/HPC-Project/utils/parallel_dependent_codes.cpp">
			<Option target="HPC_Project"/>
		</Unit>
		<Unit filename="/Users/daver/Desktop/HPC-Project/utils/parallel_dependent_codes.h">
			<Option target="HPC_Project"/>
		</Unit>
		<Unit filename="/Users/daver/Desktop/HPC-Project/utils/parallel_independent_codes.cpp">
			<Option target="HPC_Project"/>
		</Unit>
		<Unit filename="/Users/daver/Desktop/HPC-Project/utils/parallel_independent_codes.h">
			<Option target="HPC_Project"/>
		</Unit>
		<Unit filename="/Users/daver/Desktop/HPC-Project/utils/serial_codes.cpp">
			<Option target="HPC_Project"/>
		</Unit>
		<Unit filename="/Users/daver/Desktop/HPC-Project/utils/serial_codes.h">
			<Option target="HPC_Project"/>
		</Unit>
		<Unit filename="/Users/daver/Desktop/HPC-Project/CMakeLists.txt">
			<Option virtualFolder="CMake Files\"/>
		</Unit>
		<Unit filename="/Users/daver/Desktop/HPC-Project/../../../../opt/homebrew/lib/cmake/opencv4/OpenCVConfig-version.cmake">
			<Option virtualFolder="CMake Files\..\..\..\..\opt\homebrew\lib\cmake\opencv4\"/>
		</Unit>
		<Unit filename="/Users/daver/Desktop/HPC-Project/../../../../opt/homebrew/lib/cmake/opencv4/OpenCVConfig.cmake">
			<Option virtualFolder="CMake Files\..\..\..\..\opt\homebrew\lib\cmake\opencv4\"/>
		</Unit>
		<Unit filename="/Users/daver/Desktop/HPC-Project/../../../../opt/homebrew/lib/cmake/opencv4/OpenCVModules-release.cmake">
			<Option virtualFolder="CMake Files\..\..\..\..\opt\homebrew\lib\cmake\opencv4\"/>
		</Unit>
		<Unit filename="/Users/daver/Desktop/HPC-Project/../../../../opt/homebrew/lib/cmake/opencv4/OpenCVModules.cmake">
			<Option virtualFolder="CMake Files\..\..\..\..\opt\homebrew\lib\cmake\opencv4\"/>
		</Unit>
	</Project>
</CodeBlocks_project_file>
